
Microsoft Visual Studio Solution File, Format Version 12.00
# Visual Studio Version 16
VisualStudioVersion = 16.0.30717.126
MinimumVisualStudioVersion = 10.0.40219.1
Project("{FAE04EC0-301F-11D3-BF4B-00C04F79EFBC}") = "AppSoundN", "AppSoundN\AppSoundN.csproj", "{F4579723-334E-4C90-A557-1B0E58D55696}"
EndProject
Global
	GlobalSection(SolutionConfigurationPlatforms) = preSolution
		Debug|Any CPU = Debug|Any CPU
		Release|Any CPU = Release|Any CPU
	EndGlobalSection
	GlobalSection(ProjectConfigurationPlatforms) = postSolution
		{F4579723-334E-4C90-A557-1B0E58D55696}.Debug|Any CPU.ActiveCfg = Debug|Any CPU
		{F4579723-334E-4C90-A557-1B0E58D55696}.Debug|Any CPU.Build.0 = Debug|Any CPU
		{F4579723-334E-4C90-A557-1B0E58D55696}.Release|Any CPU.ActiveCfg = Release|Any CPU
		{F4579723-334E-4C90-A557-1B0E58D55696}.Release|Any CPU.Build.0 = Release|Any CPU
	EndGlobalSection
	GlobalSection(SolutionProperties) = preSolution
		HideSolutionNode = FALSE
	EndGlobalSection
	GlobalSection(ExtensibilityGlobals) = postSolution
		SolutionGuid = {B0D0AA78-36A2-4489-A720-7162CF0B07A8}
	EndGlobalSection
EndGlobal
